
Microsoft Visual Studio Solution File, Format Version 12.00
# Visual Studio Version 17
VisualStudioVersion = 17.11.35327.3
MinimumVisualStudioVersion = 10.0.40219.1
Project("{FAE04EC0-301F-11D3-BF4B-00C04F79EFBC}") = "Lab 7 OOp", "Lab 7 OOp.csproj", "{06A17CDC-5AD4-4FAE-AB15-F003BBC3F4E7}"
EndProject
Global
	GlobalSection(SolutionConfigurationPlatforms) = preSolution
		Debug|Any CPU = Debug|Any CPU
		Release|Any CPU = Release|Any CPU
	EndGlobalSection
	GlobalSection(ProjectConfigurationPlatforms) = postSolution
		{06A17CDC-5AD4-4FAE-AB15-F003BBC3F4E7}.Debug|Any CPU.ActiveCfg = Debug|Any CPU
		{06A17CDC-5AD4-4FAE-AB15-F003BBC3F4E7}.Debug|Any CPU.Build.0 = Debug|Any CPU
		{06A17CDC-5AD4-4FAE-AB15-F003BBC3F4E7}.Release|Any CPU.ActiveCfg = Release|Any CPU
		{06A17CDC-5AD4-4FAE-AB15-F003BBC3F4E7}.Release|Any CPU.Build.0 = Release|Any CPU
	EndGlobalSection
	GlobalSection(SolutionProperties) = preSolution
		HideSolutionNode = FALSE
	EndGlobalSection
	GlobalSection(ExtensibilityGlobals) = postSolution
		SolutionGuid = {005CBE2A-D452-4E80-9EE9-4CB5D29BBA94}
	EndGlobalSection
EndGlobal
