
Microsoft Visual Studio Solution File, Format Version 12.00
# Visual Studio Version 17
VisualStudioVersion = 17.11.35327.3
MinimumVisualStudioVersion = 10.0.40219.1
Project("{FAE04EC0-301F-11D3-BF4B-00C04F79EFBC}") = "Laboratorium OOP 5", "Laboratorium OOP 5.csproj", "{4E629182-26E4-4320-880A-50AF60E83405}"
EndProject
Global
	GlobalSection(SolutionConfigurationPlatforms) = preSolution
		Debug|Any CPU = Debug|Any CPU
		Release|Any CPU = Release|Any CPU
	EndGlobalSection
	GlobalSection(ProjectConfigurationPlatforms) = postSolution
		{4E629182-26E4-4320-880A-50AF60E83405}.Debug|Any CPU.ActiveCfg = Debug|Any CPU
		{4E629182-26E4-4320-880A-50AF60E83405}.Debug|Any CPU.Build.0 = Debug|Any CPU
		{4E629182-26E4-4320-880A-50AF60E83405}.Release|Any CPU.ActiveCfg = Release|Any CPU
		{4E629182-26E4-4320-880A-50AF60E83405}.Release|Any CPU.Build.0 = Release|Any CPU
	EndGlobalSection
	GlobalSection(SolutionProperties) = preSolution
		HideSolutionNode = FALSE
	EndGlobalSection
	GlobalSection(ExtensibilityGlobals) = postSolution
		SolutionGuid = {5AFE3B3C-0D97-46D9-A106-4B6D6A1AFF15}
	EndGlobalSection
EndGlobal
